// !$*UTF8*$!
{
	archiveVersion = 1;
	classes = {
	};
	objectVersion = 46;
	objects = {

/* Begin PBXBuildFile section */
		6533EFB5191E9128005F4C3B /* Foundation.framework in Frameworks */ = {isa = PBXBuildFile; fileRef = 6533EFB4191E9128005F4C3B /* Foundation.framework */; };
		6533EFB7191E9128005F4C3B /* CoreGraphics.framework in Frameworks */ = {isa = PBXBuildFile; fileRef = 6533EFB6191E9128005F4C3B /* CoreGraphics.framework */; };
		6533EFB9191E9128005F4C3B /* UIKit.framework in Frameworks */ = {isa = PBXBuildFile; fileRef = 6533EFB8191E9128005F4C3B /* UIKit.framework */; };
		6533EFBF191E9128005F4C3B /* InfoPlist.strings in Resources */ = {isa = PBXBuildFile; fileRef = 6533EFBD191E9128005F4C3B /* InfoPlist.strings */; };
		6533EFC1191E9128005F4C3B /* main.m in Sources */ = {isa = PBXBuildFile; fileRef = 6533EFC0191E9128005F4C3B /* main.m */; };
		6533EFC5191E9128005F4C3B /* BNRAppDelegate.m in Sources */ = {isa = PBXBuildFile; fileRef = 6533EFC4191E9128005F4C3B /* BNRAppDelegate.m */; };
		6533EFC7191E9128005F4C3B /* Images.xcassets in Resources */ = {isa = PBXBuildFile; fileRef = 6533EFC6191E9128005F4C3B /* Images.xcassets */; };
		6533EFCE191E9128005F4C3B /* XCTest.framework in Frameworks */ = {isa = PBXBuildFile; fileRef = 6533EFCD191E9128005F4C3B /* XCTest.framework */; };
		6533EFCF191E9128005F4C3B /* Foundation.framework in Frameworks */ = {isa = PBXBuildFile; fileRef = 6533EFB4191E9128005F4C3B /* Foundation.framework */; };
		6533EFD0191E9128005F4C3B /* UIKit.framework in Frameworks */ = {isa = PBXBuildFile; fileRef = 6533EFB8191E9128005F4C3B /* UIKit.framework */; };
		6533EFD8191E9128005F4C3B /* InfoPlist.strings in Resources */ = {isa = PBXBuildFile; fileRef = 6533EFD6191E9128005F4C3B /* InfoPlist.strings */; };
		6533EFDA191E9128005F4C3B /* QuizTests.m in Sources */ = {isa = PBXBuildFile; fileRef = 6533EFD9191E9128005F4C3B /* QuizTests.m */; };
/* End PBXBuildFile section */

/* Begin PBXContainerItemProxy section */
		6533EFD1191E9128005F4C3B /* PBXContainerItemProxy */ = {
			isa = PBXContainerItemProxy;
			containerPortal = 6533EFA9191E9128005F4C3B /* Project object */;
			proxyType = 1;
			remoteGlobalIDString = 6533EFB0191E9128005F4C3B;
			remoteInfo = Quiz;
		};
/* End PBXContainerItemProxy section */

/* Begin PBXFileReference section */
		6533EFB1191E9128005F4C3B /* Quiz.app */ = {isa = PBXFileReference; explicitFileType = wrapper.application; includeInIndex = 0; path = Quiz.app; sourceTree = BUILT_PRODUCTS_DIR; };
		6533EFB4191E9128005F4C3B /* Foundation.framework */ = {isa = PBXFileReference; lastKnownFileType = wrapper.framework; name = Foundation.framework; path = System/Library/Frameworks/Foundation.framework; sourceTree = SDKROOT; };
		6533EFB6191E9128005F4C3B /* CoreGraphics.framework */ = {isa = PBXFileReference; lastKnownFileType = wrapper.framework; name = CoreGraphics.framework; path = System/Library/Frameworks/CoreGraphics.framework; sourceTree = SDKROOT; };
		6533EFB8191E9128005F4C3B /* UIKit.framework */ = {isa = PBXFileReference; lastKnownFileType = wrapper.framework; name = UIKit.framework; path = System/Library/Frameworks/UIKit.framework; sourceTree = SDKROOT; };
		6533EFBC191E9128005F4C3B /* Quiz-Info.plist */ = {isa = PBXFileReference; lastKnownFileType = text.plist.xml; path = "Quiz-Info.plist"; sourceTree = "<group>"; };
		6533EFBE191E9128005F4C3B /* en */ = {isa = PBXFileReference; lastKnownFileType = text.plist.strings; name = en; path = en.lproj/InfoPlist.strings; sourceTree = "<group>"; };
		6533EFC0191E9128005F4C3B /* main.m */ = {isa = PBXFileReference; lastKnownFileType = sourcecode.c.objc; path = main.m; sourceTree = "<group>"; };
		6533EFC2191E9128005F4C3B /* Quiz-Prefix.pch */ = {isa = PBXFileReference; lastKnownFileType = sourcecode.c.h; path = "Quiz-Prefix.pch"; sourceTree = "<group>"; };
		6533EFC3191E9128005F4C3B /* BNRAppDelegate.h */ = {isa = PBXFileReference; lastKnownFileType = sourcecode.c.h; path = BNRAppDelegate.h; sourceTree = "<group>"; };
		6533EFC4191E9128005F4C3B /* BNRAppDelegate.m */ = {isa = PBXFileReference; lastKnownFileType = sourcecode.c.objc; path = BNRAppDelegate.m; sourceTree = "<group>"; };
		6533EFC6191E9128005F4C3B /* Images.xcassets */ = {isa = PBXFileReference; lastKnownFileType = folder.assetcatalog; path = Images.xcassets; sourceTree = "<group>"; };
		6533EFCC191E9128005F4C3B /* QuizTests.xctest */ = {isa = PBXFileReference; explicitFileType = wrapper.cfbundle; includeInIndex = 0; path = QuizTests.xctest; sourceTree = BUILT_PRODUCTS_DIR; };
		6533EFCD191E9128005F4C3B /* XCTest.framework */ = {isa = PBXFileReference; lastKnownFileType = wrapper.framework; name = XCTest.framework; path = Library/Frameworks/XCTest.framework; sourceTree = DEVELOPER_DIR; };
		6533EFD5191E9128005F4C3B /* QuizTests-Info.plist */ = {isa = PBXFileReference; lastKnownFileType = text.plist.xml; path = "QuizTests-Info.plist"; sourceTree = "<group>"; };
		6533EFD7191E9128005F4C3B /* en */ = {isa = PBXFileReference; lastKnownFileType = text.plist.strings; name = en; path = en.lproj/InfoPlist.strings; sourceTree = "<group>"; };
		6533EFD9191E9128005F4C3B /* QuizTests.m */ = {isa = PBXFileReference; lastKnownFileType = sourcecode.c.objc; path = QuizTests.m; sourceTree = "<group>"; };
/* End PBXFileReference section */

/* Begin PBXFrameworksBuildPhase section */
		6533EFAE191E9128005F4C3B /* Frameworks */ = {
			isa = PBXFrameworksBuildPhase;
			buildActionMask = 2147483647;
			files = (
				6533EFB7191E9128005F4C3B /* CoreGraphics.framework in Frameworks */,
				6533EFB9191E9128005F4C3B /* UIKit.framework in Frameworks */,
				6533EFB5191E9128005F4C3B /* Foundation.framework in Frameworks */,
			);
			runOnlyForDeploymentPostprocessing = 0;
		};
		6533EFC9191E9128005F4C3B /* Frameworks */ = {
			isa = PBXFrameworksBuildPhase;
			buildActionMask = 2147483647;
			files = (
				6533EFCE191E9128005F4C3B /* XCTest.framework in Frameworks */,
				6533EFD0191E9128005F4C3B /* UIKit.framework in Frameworks */,
				6533EFCF191E9128005F4C3B /* Foundation.framework in Frameworks */,
			);
			runOnlyForDeploymentPostprocessing = 0;
		};
/* End PBXFrameworksBuildPhase section */

/* Begin PBXGroup section */
		6533EFA8191E9128005F4C3B = {
			isa = PBXGroup;
			children = (
				6533EFBA191E9128005F4C3B /* Quiz */,
				6533EFD3191E9128005F4C3B /* QuizTests */,
				6533EFB3191E9128005F4C3B /* Frameworks */,
				6533EFB2191E9128005F4C3B /* Products */,
			);
			sourceTree = "<group>";
		};
		6533EFB2191E9128005F4C3B /* Products */ = {
			isa = PBXGroup;
			children = (
				6533EFB1191E9128005F4C3B /* Quiz.app */,
				6533EFCC191E9128005F4C3B /* QuizTests.xctest */,
			);
			name = Products;
			sourceTree = "<group>";
		};
		6533EFB3191E9128005F4C3B /* Frameworks */ = {
			isa = PBXGroup;
			children = (
				6533EFB4191E9128005F4C3B /* Foundation.framework */,
				6533EFB6191E9128005F4C3B /* CoreGraphics.framework */,
				6533EFB8191E9128005F4C3B /* UIKit.framework */,
				6533EFCD191E9128005F4C3B /* XCTest.framework */,
			);
			name = Frameworks;
			sourceTree = "<group>";
		};
		6533EFBA191E9128005F4C3B /* Quiz */ = {
			isa = PBXGroup;
			children = (
				6533EFC3191E9128005F4C3B /* BNRAppDelegate.h */,
				6533EFC4191E9128005F4C3B /* BNRAppDelegate.m */,
				6533EFC6191E9128005F4C3B /* Images.xcassets */,
				6533EFBB191E9128005F4C3B /* Supporting Files */,
			);
			path = Quiz;
			sourceTree = "<group>";
		};
		6533EFBB191E9128005F4C3B /* Supporting Files */ = {
			isa = PBXGroup;
			children = (
				6533EFBC191E9128005F4C3B /* Quiz-Info.plist */,
				6533EFBD191E9128005F4C3B /* InfoPlist.strings */,
				6533EFC0191E9128005F4C3B /* main.m */,
				6533EFC2191E9128005F4C3B /* Quiz-Prefix.pch */,
			);
			name = "Supporting Files";
			sourceTree = "<group>";
		};
		6533EFD3191E9128005F4C3B /* QuizTests */ = {
			isa = PBXGroup;
			children = (
				6533EFD9191E9128005F4C3B /* QuizTests.m */,
				6533EFD4191E9128005F4C3B /* Supporting Files */,
			);
			path = QuizTests;
			sourceTree = "<group>";
		};
		6533EFD4191E9128005F4C3B /* Supporting Files */ = {
			isa = PBXGroup;
			children = (
				6533EFD5191E9128005F4C3B /* QuizTests-Info.plist */,
				6533EFD6191E9128005F4C3B /* InfoPlist.strings */,
			);
			name = "Supporting Files";
			sourceTree = "<group>";
		};
/* End PBXGroup section */

/* Begin PBXNativeTarget section */
		6533EFB0191E9128005F4C3B /* Quiz */ = {
			isa = PBXNativeTarget;
			buildConfigurationList = 6533EFDD191E9128005F4C3B /* Build configuration list for PBXNativeTarget "Quiz" */;
			buildPhases = (
				6533EFAD191E9128005F4C3B /* Sources */,
				6533EFAE191E9128005F4C3B /* Frameworks */,
				6533EFAF191E9128005F4C3B /* Resources */,
			);
			buildRules = (
			);
			dependencies = (
			);
			name = Quiz;
			productName = Quiz;
			productReference = 6533EFB1191E9128005F4C3B /* Quiz.app */;
			productType = "com.apple.product-type.application";
		};
		6533EFCB191E9128005F4C3B /* QuizTests */ = {
			isa = PBXNativeTarget;
			buildConfigurationList = 6533EFE0191E9128005F4C3B /* Build configuration list for PBXNativeTarget "QuizTests" */;
			buildPhases = (
				6533EFC8191E9128005F4C3B /* Sources */,
				6533EFC9191E9128005F4C3B /* Frameworks */,
				6533EFCA191E9128005F4C3B /* Resources */,
			);
			buildRules = (
			);
			dependencies = (
				6533EFD2191E9128005F4C3B /* PBXTargetDependency */,
			);
			name = QuizTests;
			productName = QuizTests;
			productReference = 6533EFCC191E9128005F4C3B /* QuizTests.xctest */;
			productType = "com.apple.product-type.bundle.unit-test";
		};
/* End PBXNativeTarget section */

/* Begin PBXProject section */
		6533EFA9191E9128005F4C3B /* Project object */ = {
			isa = PBXProject;
			attributes = {
				CLASSPREFIX = BNR;
				LastUpgradeCheck = 0510;
				ORGANIZATIONNAME = "___FULLUSERNAME___";
				TargetAttributes = {
					6533EFCB191E9128005F4C3B = {
						TestTargetID = 6533EFB0191E9128005F4C3B;
					};
				};
			};
			buildConfigurationList = 6533EFAC191E9128005F4C3B /* Build configuration list for PBXProject "Quiz" */;
			compatibilityVersion = "Xcode 3.2";
			developmentRegion = English;
			hasScannedForEncodings = 0;
			knownRegions = (
				en,
			);
			mainGroup = 6533EFA8191E9128005F4C3B;
			productRefGroup = 6533EFB2191E9128005F4C3B /* Products */;
			projectDirPath = "";
			projectRoot = "";
			targets = (
				6533EFB0191E9128005F4C3B /* Quiz */,
				6533EFCB191E9128005F4C3B /* QuizTests */,
			);
		};
/* End PBXProject section */

/* Begin PBXResourcesBuildPhase section */
		6533EFAF191E9128005F4C3B /* Resources */ = {
			isa = PBXResourcesBuildPhase;
			buildActionMask = 2147483647;
			files = (
				6533EFBF191E9128005F4C3B /* InfoPlist.strings in Resources */,
				6533EFC7191E9128005F4C3B /* Images.xcassets in Resources */,
			);
			runOnlyForDeploymentPostprocessing = 0;
		};
		6533EFCA191E9128005F4C3B /* Resources */ = {
			isa = PBXResourcesBuildPhase;
			buildActionMask = 2147483647;
			files = (
				6533EFD8191E9128005F4C3B /* InfoPlist.strings in Resources */,
			);
			runOnlyForDeploymentPostprocessing = 0;
		};
/* End PBXResourcesBuildPhase section */

/* Begin PBXSourcesBuildPhase section */
		6533EFAD191E9128005F4C3B /* Sources */ = {
			isa = PBXSourcesBuildPhase;
			buildActionMask = 2147483647;
			files = (
				6533EFC1191E9128005F4C3B /* main.m in Sources */,
				6533EFC5191E9128005F4C3B /* BNRAppDelegate.m in Sources */,
			);
			runOnlyForDeploymentPostprocessing = 0;
		};
		6533EFC8191E9128005F4C3B /* Sources */ = {
			isa = PBXSourcesBuildPhase;
			buildActionMask = 2147483647;
			files = (
				6533EFDA191E9128005F4C3B /* QuizTests.m in Sources */,
			);
			runOnlyForDeploymentPostprocessing = 0;
		};
/* End PBXSourcesBuildPhase section */

/* Begin PBXTargetDependency section */
		6533EFD2191E9128005F4C3B /* PBXTargetDependency */ = {
			isa = PBXTargetDependency;
			target = 6533EFB0191E9128005F4C3B /* Quiz */;
			targetProxy = 6533EFD1191E9128005F4C3B /* PBXContainerItemProxy */;
		};
/* End PBXTargetDependency section */

/* Begin PBXVariantGroup section */
		6533EFBD191E9128005F4C3B /* InfoPlist.strings */ = {
			isa = PBXVariantGroup;
			children = (
				6533EFBE191E9128005F4C3B /* en */,
			);
			name = InfoPlist.strings;
			sourceTree = "<group>";
		};
		6533EFD6191E9128005F4C3B /* InfoPlist.strings */ = {
			isa = PBXVariantGroup;
			children = (
				6533EFD7191E9128005F4C3B /* en */,
			);
			name = InfoPlist.strings;
			sourceTree = "<group>";
		};
/* End PBXVariantGroup section */

/* Begin XCBuildConfiguration section */
		6533EFDB191E9128005F4C3B /* Debug */ = {
			isa = XCBuildConfiguration;
			buildSettings = {
				ALWAYS_SEARCH_USER_PATHS = NO;
				CLANG_CXX_LANGUAGE_STANDARD = "gnu++0x";
				CLANG_CXX_LIBRARY = "libc++";
				CLANG_ENABLE_MODULES = YES;
				CLANG_ENABLE_OBJC_ARC = YES;
				CLANG_WARN_BOOL_CONVERSION = YES;
				CLANG_WARN_CONSTANT_CONVERSION = YES;
				CLANG_WARN_DIRECT_OBJC_ISA_USAGE = YES_ERROR;
				CLANG_WARN_EMPTY_BODY = YES;
				CLANG_WARN_ENUM_CONVERSION = YES;
				CLANG_WARN_INT_CONVERSION = YES;
				CLANG_WARN_OBJC_ROOT_CLASS = YES_ERROR;
				CLANG_WARN__DUPLICATE_METHOD_MATCH = YES;
				"CODE_SIGN_IDENTITY[sdk=iphoneos*]" = "iPhone Developer";
				COPY_PHASE_STRIP = NO;
				GCC_C_LANGUAGE_STANDARD = gnu99;
				GCC_DYNAMIC_NO_PIC = NO;
				GCC_OPTIMIZATION_LEVEL = 0;
				GCC_PREPROCESSOR_DEFINITIONS = (
					"DEBUG=1",
					"$(inherited)",
				);
				GCC_SYMBOLS_PRIVATE_EXTERN = NO;
				GCC_WARN_64_TO_32_BIT_CONVERSION = YES;
				GCC_WARN_ABOUT_RETURN_TYPE = YES_ERROR;
				GCC_WARN_UNDECLARED_SELECTOR = YES;
				GCC_WARN_UNINITIALIZED_AUTOS = YES_AGGRESSIVE;
				GCC_WARN_UNUSED_FUNCTION = YES;
				GCC_WARN_UNUSED_VARIABLE = YES;
				IPHONEOS_DEPLOYMENT_TARGET = 7.1;
				ONLY_ACTIVE_ARCH = YES;
				SDKROOT = iphoneos;
			};
			name = Debug;
		};
		6533EFDC191E9128005F4C3B /* Release */ = {
			isa = XCBuildConfiguration;
			buildSettings = {
				ALWAYS_SEARCH_USER_PATHS = NO;
				CLANG_CXX_LANGUAGE_STANDARD = "gnu++0x";
				CLANG_CXX_LIBRARY = "libc++";
				CLANG_ENABLE_MODULES = YES;
				CLANG_ENABLE_OBJC_ARC = YES;
				CLANG_WARN_BOOL_CONVERSION = YES;
				CLANG_WARN_CONSTANT_CONVERSION = YES;
				CLANG_WARN_DIRECT_OBJC_ISA_USAGE = YES_ERROR;
				CLANG_WARN_EMPTY_BODY = YES;
				CLANG_WARN_ENUM_CONVERSION = YES;
				CLANG_WARN_INT_CONVERSION = YES;
				CLANG_WARN_OBJC_ROOT_CLASS = YES_ERROR;
				CLANG_WARN__DUPLICATE_METHOD_MATCH = YES;
				"CODE_SIGN_IDENTITY[sdk=iphoneos*]" = "iPhone Developer";
				COPY_PHASE_STRIP = YES;
				ENABLE_NS_ASSERTIONS = NO;
				GCC_C_LANGUAGE_STANDARD = gnu99;
				GCC_WARN_64_TO_32_BIT_CONVERSION = YES;
				GCC_WARN_ABOUT_RETURN_TYPE = YES_ERROR;
				GCC_WARN_UNDECLARED_SELECTOR = YES;
				GCC_WARN_UNINITIALIZED_AUTOS = YES_AGGRESSIVE;
				GCC_WARN_UNUSED_FUNCTION = YES;
				GCC_WARN_UNUSED_VARIABLE = YES;
				IPHONEOS_DEPLOYMENT_TARGET = 7.1;
				SDKROOT = iphoneos;
				VALIDATE_PRODUCT = YES;
			};
			name = Release;
		};
		6533EFDE191E9128005F4C3B /* Debug */ = {
			isa = XCBuildConfiguration;
			buildSettings = {
				ASSETCATALOG_COMPILER_APPICON_NAME = AppIcon;
				ASSETCATALOG_COMPILER_LAUNCHIMAGE_NAME = LaunchImage;
				GCC_PRECOMPILE_PREFIX_HEADER = YES;
				GCC_PREFIX_HEADER = "Quiz/Quiz-Prefix.pch";
				INFOPLIST_FILE = "Quiz/Quiz-Info.plist";
				PRODUCT_NAME = "$(TARGET_NAME)";
				WRAPPER_EXTENSION = app;
			};
			name = Debug;
		};
		6533EFDF191E9128005F4C3B /* Release */ = {
			isa = XCBuildConfiguration;
			buildSettings = {
				ASSETCATALOG_COMPILER_APPICON_NAME = AppIcon;
				ASSETCATALOG_COMPILER_LAUNCHIMAGE_NAME = LaunchImage;
				GCC_PRECOMPILE_PREFIX_HEADER = YES;
				GCC_PREFIX_HEADER = "Quiz/Quiz-Prefix.pch";
				INFOPLIST_FILE = "Quiz/Quiz-Info.plist";
				PRODUCT_NAME = "$(TARGET_NAME)";
				WRAPPER_EXTENSION = app;
			};
			name = Release;
		};
		6533EFE1191E9128005F4C3B /* Debug */ = {
			isa = XCBuildConfiguration;
			buildSettings = {
				BUNDLE_LOADER = "$(BUILT_PRODUCTS_DIR)/Quiz.app/Quiz";
				FRAMEWORK_SEARCH_PATHS = (
					"$(SDKROOT)/Developer/Library/Frameworks",
					"$(inherited)",
					"$(DEVELOPER_FRAMEWORKS_DIR)",
				);
				GCC_PRECOMPILE_PREFIX_HEADER = YES;
				GCC_PREFIX_HEADER = "Quiz/Quiz-Prefix.pch";
				GCC_PREPROCESSOR_DEFINITIONS = (
					"DEBUG=1",
					"$(inherited)",
				);
				INFOPLIST_FILE = "QuizTests/QuizTests-Info.plist";
				PRODUCT_NAME = "$(TARGET_NAME)";
				TEST_HOST = "$(BUNDLE_LOADER)";
				WRAPPER_EXTENSION = xctest;
			};
			name = Debug;
		};
		6533EFE2191E9128005F4C3B /* Release */ = {
			isa = XCBuildConfiguration;
			buildSettings = {
				BUNDLE_LOADER = "$(BUILT_PRODUCTS_DIR)/Quiz.app/Quiz";
				FRAMEWORK_SEARCH_PATHS = (
					"$(SDKROOT)/Developer/Library/Frameworks",
					"$(inherited)",
					"$(DEVELOPER_FRAMEWORKS_DIR)",
				);
				GCC_PRECOMPILE_PREFIX_HEADER = YES;
				GCC_PREFIX_HEADER = "Quiz/Quiz-Prefix.pch";
				INFOPLIST_FILE = "QuizTests/QuizTests-Info.plist";
				PRODUCT_NAME = "$(TARGET_NAME)";
				TEST_HOST = "$(BUNDLE_LOADER)";
				WRAPPER_EXTENSION = xctest;
			};
			name = Release;
		};
/* End XCBuildConfiguration section */

/* Begin XCConfigurationList section */
		6533EFAC191E9128005F4C3B /* Build configuration list for PBXProject "Quiz" */ = {
			isa = XCConfigurationList;
			buildConfigurations = (
				6533EFDB191E9128005F4C3B /* Debug */,
				6533EFDC191E9128005F4C3B /* Release */,
			);
			defaultConfigurationIsVisible = 0;
			defaultConfigurationName = Release;
		};
		6533EFDD191E9128005F4C3B /* Build configuration list for PBXNativeTarget "Quiz" */ = {
			isa = XCConfigurationList;
			buildConfigurations = (
				6533EFDE191E9128005F4C3B /* Debug */,
				6533EFDF191E9128005F4C3B /* Release */,
			);
			defaultConfigurationIsVisible = 0;
		};
		6533EFE0191E9128005F4C3B /* Build configuration list for PBXNativeTarget "QuizTests" */ = {
			isa = XCConfigurationList;
			buildConfigurations = (
				6533EFE1191E9128005F4C3B /* Debug */,
				6533EFE2191E9128005F4C3B /* Release */,
			);
			defaultConfigurationIsVisible = 0;
		};
/* End XCConfigurationList section */
	};
	rootObject = 6533EFA9191E9128005F4C3B /* Project object */;
}
